
Microsoft Visual Studio Solution File, Format Version 12.00
# Visual Studio 15
VisualStudioVersion = 15.0.26730.12
MinimumVisualStudioVersion = 10.0.40219.1
Project("{FAE04EC0-301F-11D3-BF4B-00C04F79EFBC}") = "PE06 -Groepswerk-Platformer.wpf", "PE06 -Groepswerk-Platformer.wpf\PE06 -Groepswerk-Platformer.wpf.csproj", "{3B2F3F65-4739-45B3-A9EB-8BB350827E61}"
EndProject
Project("{FAE04EC0-301F-11D3-BF4B-00C04F79EFBC}") = "PE06 -Groepswerk-Platformer", "PE06 -Groepswerk-Platformer\PE06 -Groepswerk-Platformer.csproj", "{F7F1BBCC-8704-4713-A590-31D69C6F3DE4}"
EndProject
Global
	GlobalSection(SolutionConfigurationPlatforms) = preSolution
		Debug|Any CPU = Debug|Any CPU
		Release|Any CPU = Release|Any CPU
	EndGlobalSection
	GlobalSection(ProjectConfigurationPlatforms) = postSolution
		{3B2F3F65-4739-45B3-A9EB-8BB350827E61}.Debug|Any CPU.ActiveCfg = Debug|Any CPU
		{3B2F3F65-4739-45B3-A9EB-8BB350827E61}.Debug|Any CPU.Build.0 = Debug|Any CPU
		{3B2F3F65-4739-45B3-A9EB-8BB350827E61}.Release|Any CPU.ActiveCfg = Release|Any CPU
		{3B2F3F65-4739-45B3-A9EB-8BB350827E61}.Release|Any CPU.Build.0 = Release|Any CPU
		{F7F1BBCC-8704-4713-A590-31D69C6F3DE4}.Debug|Any CPU.ActiveCfg = Debug|Any CPU
		{F7F1BBCC-8704-4713-A590-31D69C6F3DE4}.Debug|Any CPU.Build.0 = Debug|Any CPU
		{F7F1BBCC-8704-4713-A590-31D69C6F3DE4}.Release|Any CPU.ActiveCfg = Release|Any CPU
		{F7F1BBCC-8704-4713-A590-31D69C6F3DE4}.Release|Any CPU.Build.0 = Release|Any CPU
	EndGlobalSection
	GlobalSection(SolutionProperties) = preSolution
		HideSolutionNode = FALSE
	EndGlobalSection
	GlobalSection(ExtensibilityGlobals) = postSolution
		SolutionGuid = {32106A93-45D5-48A4-A3B0-7C06B17C61BC}
	EndGlobalSection
EndGlobal
